
Microsoft Visual Studio Solution File, Format Version 12.00
# Visual Studio Version 17
VisualStudioVersion = 17.7.34031.279
MinimumVisualStudioVersion = 10.0.40219.1
Project("{FAE04EC0-301F-11D3-BF4B-00C04F79EFBC}") = "Proyect_1", "Proyect_1.csproj", "{DB09C9AA-977C-41A6-B625-AB89AE477535}"
EndProject
Global
	GlobalSection(SolutionConfigurationPlatforms) = preSolution
		Debug|Any CPU = Debug|Any CPU
		Release|Any CPU = Release|Any CPU
	EndGlobalSection
	GlobalSection(ProjectConfigurationPlatforms) = postSolution
		{DB09C9AA-977C-41A6-B625-AB89AE477535}.Debug|Any CPU.ActiveCfg = Debug|Any CPU
		{DB09C9AA-977C-41A6-B625-AB89AE477535}.Debug|Any CPU.Build.0 = Debug|Any CPU
		{DB09C9AA-977C-41A6-B625-AB89AE477535}.Release|Any CPU.ActiveCfg = Release|Any CPU
		{DB09C9AA-977C-41A6-B625-AB89AE477535}.Release|Any CPU.Build.0 = Release|Any CPU
	EndGlobalSection
	GlobalSection(SolutionProperties) = preSolution
		HideSolutionNode = FALSE
	EndGlobalSection
	GlobalSection(ExtensibilityGlobals) = postSolution
		SolutionGuid = {1EB03B6E-CD35-495E-90D0-9CCF9DA2CADF}
	EndGlobalSection
EndGlobal
